
Microsoft Visual Studio Solution File, Format Version 12.00
# Visual Studio Version 16
VisualStudioVersion = 16.0.29519.87
MinimumVisualStudioVersion = 10.0.40219.1
Project("{9A19103F-16F7-4668-BE54-9A1E7A4F7556}") = "Automatic", "Automatic.csproj", "{9006D977-4FDA-4B7C-A88F-36215415EFC4}"
EndProject
Project("{9A19103F-16F7-4668-BE54-9A1E7A4F7556}") = "Testing", "..\Testing\Testing.csproj", "{BC7DFFF9-2131-44B5-B87A-051F045DF3D9}"
EndProject
Global
	GlobalSection(SolutionConfigurationPlatforms) = preSolution
		Debug|Any CPU = Debug|Any CPU
		Release|Any CPU = Release|Any CPU
	EndGlobalSection
	GlobalSection(ProjectConfigurationPlatforms) = postSolution
		{9006D977-4FDA-4B7C-A88F-36215415EFC4}.Debug|Any CPU.ActiveCfg = Debug|Any CPU
		{9006D977-4FDA-4B7C-A88F-36215415EFC4}.Debug|Any CPU.Build.0 = Debug|Any CPU
		{9006D977-4FDA-4B7C-A88F-36215415EFC4}.Release|Any CPU.ActiveCfg = Release|Any CPU
		{9006D977-4FDA-4B7C-A88F-36215415EFC4}.Release|Any CPU.Build.0 = Release|Any CPU
		{BC7DFFF9-2131-44B5-B87A-051F045DF3D9}.Debug|Any CPU.ActiveCfg = Debug|Any CPU
		{BC7DFFF9-2131-44B5-B87A-051F045DF3D9}.Debug|Any CPU.Build.0 = Debug|Any CPU
		{BC7DFFF9-2131-44B5-B87A-051F045DF3D9}.Release|Any CPU.ActiveCfg = Release|Any CPU
		{BC7DFFF9-2131-44B5-B87A-051F045DF3D9}.Release|Any CPU.Build.0 = Release|Any CPU
	EndGlobalSection
	GlobalSection(SolutionProperties) = preSolution
		HideSolutionNode = FALSE
	EndGlobalSection
	GlobalSection(ExtensibilityGlobals) = postSolution
		SolutionGuid = {352847EC-3C31-45C4-A086-A001F6A23C16}
	EndGlobalSection
EndGlobal
