
Microsoft Visual Studio Solution File, Format Version 12.00
# Visual Studio Version 16
VisualStudioVersion = 16.0.30503.244
MinimumVisualStudioVersion = 10.0.40219.1
Project("{9A19103F-16F7-4668-BE54-9A1E7A4F7556}") = "AutoLogistics", "AutoLogistics\AutoLogistics.csproj", "{8E7B0356-493A-4794-A060-5F4D9354039E}"
EndProject
Project("{9A19103F-16F7-4668-BE54-9A1E7A4F7556}") = "TestApp", "TestApp\TestApp.csproj", "{0167E3FE-9D38-490E-863B-553326F9D41E}"
EndProject
Project("{9A19103F-16F7-4668-BE54-9A1E7A4F7556}") = "Automatic", "Automatic\Automatic.csproj", "{AE386321-396B-4804-A7D7-8A089B906EE2}"
EndProject
Global
	GlobalSection(SolutionConfigurationPlatforms) = preSolution
		Debug|Any CPU = Debug|Any CPU
		Release|Any CPU = Release|Any CPU
	EndGlobalSection
	GlobalSection(ProjectConfigurationPlatforms) = postSolution
		{8E7B0356-493A-4794-A060-5F4D9354039E}.Debug|Any CPU.ActiveCfg = Debug|Any CPU
		{8E7B0356-493A-4794-A060-5F4D9354039E}.Debug|Any CPU.Build.0 = Debug|Any CPU
		{8E7B0356-493A-4794-A060-5F4D9354039E}.Release|Any CPU.ActiveCfg = Release|Any CPU
		{8E7B0356-493A-4794-A060-5F4D9354039E}.Release|Any CPU.Build.0 = Release|Any CPU
		{0167E3FE-9D38-490E-863B-553326F9D41E}.Debug|Any CPU.ActiveCfg = Debug|Any CPU
		{0167E3FE-9D38-490E-863B-553326F9D41E}.Debug|Any CPU.Build.0 = Debug|Any CPU
		{0167E3FE-9D38-490E-863B-553326F9D41E}.Release|Any CPU.ActiveCfg = Release|Any CPU
		{0167E3FE-9D38-490E-863B-553326F9D41E}.Release|Any CPU.Build.0 = Release|Any CPU
		{AE386321-396B-4804-A7D7-8A089B906EE2}.Debug|Any CPU.ActiveCfg = Debug|Any CPU
		{AE386321-396B-4804-A7D7-8A089B906EE2}.Debug|Any CPU.Build.0 = Debug|Any CPU
		{AE386321-396B-4804-A7D7-8A089B906EE2}.Release|Any CPU.ActiveCfg = Release|Any CPU
		{AE386321-396B-4804-A7D7-8A089B906EE2}.Release|Any CPU.Build.0 = Release|Any CPU
	EndGlobalSection
	GlobalSection(SolutionProperties) = preSolution
		HideSolutionNode = FALSE
	EndGlobalSection
	GlobalSection(ExtensibilityGlobals) = postSolution
		SolutionGuid = {F6AE1041-8678-49AF-A93F-37D592A1D029}
	EndGlobalSection
EndGlobal
